
Microsoft Visual Studio Solution File, Format Version 12.00
Project("{FAE04EC0-301F-11D3-BF4B-00C04F79EFBC}") = "EventCalendar", "EventCalendar\EventCalendar.csproj", "{E15253AF-CAC5-4F6A-ADB1-16647C986CC9}"
EndProject
Project("{FAE04EC0-301F-11D3-BF4B-00C04F79EFBC}") = "EventCalendar.Tests", "EventCalendar.Tests\EventCalendar.Tests.csproj", "{38946F40-39C4-4570-940C-E787D02716C6}"
EndProject
Project("{FAE04EC0-301F-11D3-BF4B-00C04F79EFBC}") = "EventCalendar.IntegrationTests", "EventCalendar.IntegrationTests\EventCalendar.IntegrationTests.csproj", "{960F65A8-CBBF-4113-A870-B294803CF0F1}"
EndProject
Project("{FAE04EC0-301F-11D3-BF4B-00C04F79EFBC}") = "EventCalendar.Infrastructure", "EventCalendar.Infrastructure\EventCalendar.Infrastructure.csproj", "{895DCEDB-4376-44B6-84E5-460C4B79E2DE}"
EndProject
Project("{FAE04EC0-301F-11D3-BF4B-00C04F79EFBC}") = "EventCalendar.Domain", "EventCalendar.Domain\EventCalendar.Domain.csproj", "{D9A6765E-7A0C-4FA3-A3BD-18ADD5655837}"
EndProject
Project("{FAE04EC0-301F-11D3-BF4B-00C04F79EFBC}") = "EventCalendar.Application", "EventCalendar.Application\EventCalendar.Application.csproj", "{C8967D7F-6F05-4FE7-8C28-C33F2258B539}"
EndProject
Global
	GlobalSection(SolutionConfigurationPlatforms) = preSolution
		Debug|Any CPU = Debug|Any CPU
		Release|Any CPU = Release|Any CPU
	EndGlobalSection
	GlobalSection(ProjectConfigurationPlatforms) = postSolution
		{E15253AF-CAC5-4F6A-ADB1-16647C986CC9}.Debug|Any CPU.ActiveCfg = Debug|Any CPU
		{E15253AF-CAC5-4F6A-ADB1-16647C986CC9}.Debug|Any CPU.Build.0 = Debug|Any CPU
		{E15253AF-CAC5-4F6A-ADB1-16647C986CC9}.Release|Any CPU.ActiveCfg = Release|Any CPU
		{E15253AF-CAC5-4F6A-ADB1-16647C986CC9}.Release|Any CPU.Build.0 = Release|Any CPU
		{38946F40-39C4-4570-940C-E787D02716C6}.Debug|Any CPU.ActiveCfg = Debug|Any CPU
		{38946F40-39C4-4570-940C-E787D02716C6}.Debug|Any CPU.Build.0 = Debug|Any CPU
		{38946F40-39C4-4570-940C-E787D02716C6}.Release|Any CPU.ActiveCfg = Release|Any CPU
		{38946F40-39C4-4570-940C-E787D02716C6}.Release|Any CPU.Build.0 = Release|Any CPU
		{960F65A8-CBBF-4113-A870-B294803CF0F1}.Debug|Any CPU.ActiveCfg = Debug|Any CPU
		{960F65A8-CBBF-4113-A870-B294803CF0F1}.Debug|Any CPU.Build.0 = Debug|Any CPU
		{960F65A8-CBBF-4113-A870-B294803CF0F1}.Release|Any CPU.ActiveCfg = Release|Any CPU
		{960F65A8-CBBF-4113-A870-B294803CF0F1}.Release|Any CPU.Build.0 = Release|Any CPU
		{895DCEDB-4376-44B6-84E5-460C4B79E2DE}.Debug|Any CPU.ActiveCfg = Debug|Any CPU
		{895DCEDB-4376-44B6-84E5-460C4B79E2DE}.Debug|Any CPU.Build.0 = Debug|Any CPU
		{895DCEDB-4376-44B6-84E5-460C4B79E2DE}.Release|Any CPU.ActiveCfg = Release|Any CPU
		{895DCEDB-4376-44B6-84E5-460C4B79E2DE}.Release|Any CPU.Build.0 = Release|Any CPU
		{D9A6765E-7A0C-4FA3-A3BD-18ADD5655837}.Debug|Any CPU.ActiveCfg = Debug|Any CPU
		{D9A6765E-7A0C-4FA3-A3BD-18ADD5655837}.Debug|Any CPU.Build.0 = Debug|Any CPU
		{D9A6765E-7A0C-4FA3-A3BD-18ADD5655837}.Release|Any CPU.ActiveCfg = Release|Any CPU
		{D9A6765E-7A0C-4FA3-A3BD-18ADD5655837}.Release|Any CPU.Build.0 = Release|Any CPU
		{C8967D7F-6F05-4FE7-8C28-C33F2258B539}.Debug|Any CPU.ActiveCfg = Debug|Any CPU
		{C8967D7F-6F05-4FE7-8C28-C33F2258B539}.Debug|Any CPU.Build.0 = Debug|Any CPU
		{C8967D7F-6F05-4FE7-8C28-C33F2258B539}.Release|Any CPU.ActiveCfg = Release|Any CPU
		{C8967D7F-6F05-4FE7-8C28-C33F2258B539}.Release|Any CPU.Build.0 = Release|Any CPU
	EndGlobalSection
EndGlobal
